
Microsoft Visual Studio Solution File, Format Version 12.00
# Visual Studio Version 16
VisualStudioVersion = 16.0.30128.74
MinimumVisualStudioVersion = 10.0.40219.1
Project("{9A19103F-16F7-4668-BE54-9A1E7A4F7556}") = "VirtualDesktopTool2", "VirtualDesktopTool2\VirtualDesktopTool2.csproj", "{0DA0778C-64D9-4236-960C-8BEF9B40309F}"
EndProject
Project("{9A19103F-16F7-4668-BE54-9A1E7A4F7556}") = "VirtualDesktop", "VirtualDesktop\source\VirtualDesktop\VirtualDesktop.csproj", "{0339450F-0196-449E-A262-33781BE3D5BE}"
EndProject
Global
	GlobalSection(SolutionConfigurationPlatforms) = preSolution
		Debug|Any CPU = Debug|Any CPU
		Release|Any CPU = Release|Any CPU
	EndGlobalSection
	GlobalSection(ProjectConfigurationPlatforms) = postSolution
		{0DA0778C-64D9-4236-960C-8BEF9B40309F}.Debug|Any CPU.ActiveCfg = Debug|Any CPU
		{0DA0778C-64D9-4236-960C-8BEF9B40309F}.Debug|Any CPU.Build.0 = Debug|Any CPU
		{0DA0778C-64D9-4236-960C-8BEF9B40309F}.Release|Any CPU.ActiveCfg = Release|Any CPU
		{0DA0778C-64D9-4236-960C-8BEF9B40309F}.Release|Any CPU.Build.0 = Release|Any CPU
		{0339450F-0196-449E-A262-33781BE3D5BE}.Debug|Any CPU.ActiveCfg = Debug|Any CPU
		{0339450F-0196-449E-A262-33781BE3D5BE}.Debug|Any CPU.Build.0 = Debug|Any CPU
		{0339450F-0196-449E-A262-33781BE3D5BE}.Release|Any CPU.ActiveCfg = Release|Any CPU
		{0339450F-0196-449E-A262-33781BE3D5BE}.Release|Any CPU.Build.0 = Release|Any CPU
	EndGlobalSection
	GlobalSection(SolutionProperties) = preSolution
		HideSolutionNode = FALSE
	EndGlobalSection
	GlobalSection(ExtensibilityGlobals) = postSolution
		SolutionGuid = {7AAEE441-F046-46DC-BCB8-961EEBC55643}
	EndGlobalSection
EndGlobal
