
Microsoft Visual Studio Solution File, Format Version 12.00
# Visual Studio Version 16
VisualStudioVersion = 16.0.30128.74
MinimumVisualStudioVersion = 10.0.40219.1
Project("{FAE04EC0-301F-11D3-BF4B-00C04F79EFBC}") = "VirtualDesktopTool2", "VirtualDesktopTool2\VirtualDesktopTool2.csproj", "{0DA0778C-64D9-4236-960C-8BEF9B40309F}"
EndProject
Global
	GlobalSection(SolutionConfigurationPlatforms) = preSolution
		Debug|Any CPU = Debug|Any CPU
		Release|Any CPU = Release|Any CPU
	EndGlobalSection
	GlobalSection(ProjectConfigurationPlatforms) = postSolution
		{0DA0778C-64D9-4236-960C-8BEF9B40309F}.Debug|Any CPU.ActiveCfg = Debug|Any CPU
		{0DA0778C-64D9-4236-960C-8BEF9B40309F}.Debug|Any CPU.Build.0 = Debug|Any CPU
		{0DA0778C-64D9-4236-960C-8BEF9B40309F}.Release|Any CPU.ActiveCfg = Release|Any CPU
		{0DA0778C-64D9-4236-960C-8BEF9B40309F}.Release|Any CPU.Build.0 = Release|Any CPU
	EndGlobalSection
	GlobalSection(SolutionProperties) = preSolution
		HideSolutionNode = FALSE
	EndGlobalSection
	GlobalSection(ExtensibilityGlobals) = postSolution
		SolutionGuid = {7AAEE441-F046-46DC-BCB8-961EEBC55643}
	EndGlobalSection
EndGlobal
